
Microsoft Visual Studio Solution File, Format Version 12.00
# Visual Studio 15
VisualStudioVersion = 15.0.28307.438
MinimumVisualStudioVersion = 10.0.40219.1
Project("{FAE04EC0-301F-11D3-BF4B-00C04F79EFBC}") = "01常量", "01常量\01常量.csproj", "{D44B0A22-D95F-48AE-930A-3255B8C8FB1E}"
EndProject
Project("{FAE04EC0-301F-11D3-BF4B-00C04F79EFBC}") = "02枚举", "02枚举\02枚举.csproj", "{86992242-56CF-47EA-B108-E3944BB412FE}"
EndProject
Project("{FAE04EC0-301F-11D3-BF4B-00C04F79EFBC}") = "03枚举类型的和string以及int类型之间的转换", "03枚举类型的和string以及int类型之间的转换\03枚举类型的和string以及int类型之间的转换.csproj", "{7AE631FF-5570-4539-AB9E-03F716ACF8BB}"
EndProject
Project("{FAE04EC0-301F-11D3-BF4B-00C04F79EFBC}") = "05结构", "05结构\05结构.csproj", "{31E401DB-5763-4D52-B01E-465C2C652DBC}"
EndProject
Project("{FAE04EC0-301F-11D3-BF4B-00C04F79EFBC}") = "06结构练习", "06结构练习\06结构练习.csproj", "{034C43DD-A8D6-4E6F-860B-FD5745420E85}"
EndProject
Project("{FAE04EC0-301F-11D3-BF4B-00C04F79EFBC}") = "07数组", "07数组\07数组.csproj", "{6A2C7ABD-42A3-4925-AAA9-3B86E15948C8}"
EndProject
Global
	GlobalSection(SolutionConfigurationPlatforms) = preSolution
		Debug|Any CPU = Debug|Any CPU
		Release|Any CPU = Release|Any CPU
	EndGlobalSection
	GlobalSection(ProjectConfigurationPlatforms) = postSolution
		{D44B0A22-D95F-48AE-930A-3255B8C8FB1E}.Debug|Any CPU.ActiveCfg = Debug|Any CPU
		{D44B0A22-D95F-48AE-930A-3255B8C8FB1E}.Debug|Any CPU.Build.0 = Debug|Any CPU
		{D44B0A22-D95F-48AE-930A-3255B8C8FB1E}.Release|Any CPU.ActiveCfg = Release|Any CPU
		{D44B0A22-D95F-48AE-930A-3255B8C8FB1E}.Release|Any CPU.Build.0 = Release|Any CPU
		{86992242-56CF-47EA-B108-E3944BB412FE}.Debug|Any CPU.ActiveCfg = Debug|Any CPU
		{86992242-56CF-47EA-B108-E3944BB412FE}.Debug|Any CPU.Build.0 = Debug|Any CPU
		{86992242-56CF-47EA-B108-E3944BB412FE}.Release|Any CPU.ActiveCfg = Release|Any CPU
		{86992242-56CF-47EA-B108-E3944BB412FE}.Release|Any CPU.Build.0 = Release|Any CPU
		{7AE631FF-5570-4539-AB9E-03F716ACF8BB}.Debug|Any CPU.ActiveCfg = Debug|Any CPU
		{7AE631FF-5570-4539-AB9E-03F716ACF8BB}.Debug|Any CPU.Build.0 = Debug|Any CPU
		{7AE631FF-5570-4539-AB9E-03F716ACF8BB}.Release|Any CPU.ActiveCfg = Release|Any CPU
		{7AE631FF-5570-4539-AB9E-03F716ACF8BB}.Release|Any CPU.Build.0 = Release|Any CPU
		{31E401DB-5763-4D52-B01E-465C2C652DBC}.Debug|Any CPU.ActiveCfg = Debug|Any CPU
		{31E401DB-5763-4D52-B01E-465C2C652DBC}.Debug|Any CPU.Build.0 = Debug|Any CPU
		{31E401DB-5763-4D52-B01E-465C2C652DBC}.Release|Any CPU.ActiveCfg = Release|Any CPU
		{31E401DB-5763-4D52-B01E-465C2C652DBC}.Release|Any CPU.Build.0 = Release|Any CPU
		{034C43DD-A8D6-4E6F-860B-FD5745420E85}.Debug|Any CPU.ActiveCfg = Debug|Any CPU
		{034C43DD-A8D6-4E6F-860B-FD5745420E85}.Debug|Any CPU.Build.0 = Debug|Any CPU
		{034C43DD-A8D6-4E6F-860B-FD5745420E85}.Release|Any CPU.ActiveCfg = Release|Any CPU
		{034C43DD-A8D6-4E6F-860B-FD5745420E85}.Release|Any CPU.Build.0 = Release|Any CPU
		{6A2C7ABD-42A3-4925-AAA9-3B86E15948C8}.Debug|Any CPU.ActiveCfg = Debug|Any CPU
		{6A2C7ABD-42A3-4925-AAA9-3B86E15948C8}.Debug|Any CPU.Build.0 = Debug|Any CPU
		{6A2C7ABD-42A3-4925-AAA9-3B86E15948C8}.Release|Any CPU.ActiveCfg = Release|Any CPU
		{6A2C7ABD-42A3-4925-AAA9-3B86E15948C8}.Release|Any CPU.Build.0 = Release|Any CPU
	EndGlobalSection
	GlobalSection(SolutionProperties) = preSolution
		HideSolutionNode = FALSE
	EndGlobalSection
	GlobalSection(ExtensibilityGlobals) = postSolution
		SolutionGuid = {DC58FF68-5ED3-4083-8CD2-4F02111B3454}
	EndGlobalSection
EndGlobal
