
Microsoft Visual Studio Solution File, Format Version 12.00
# Visual Studio 15
VisualStudioVersion = 15.0.28307.438
MinimumVisualStudioVersion = 10.0.40219.1
Project("{FAE04EC0-301F-11D3-BF4B-00C04F79EFBC}") = "01面向对象", "01面向对象概念\01面向对象.csproj", "{14733482-4659-4C25-AA48-094982BD7B8E}"
EndProject
Project("{FAE04EC0-301F-11D3-BF4B-00C04F79EFBC}") = "02面向对象复习", "02面向对象复习\02面向对象复习.csproj", "{36C7FDFB-DE98-47FF-9AEE-3EF471809C5A}"
EndProject
Project("{FAE04EC0-301F-11D3-BF4B-00C04F79EFBC}") = "03静态和非静态的区别", "03静态和非静态的区别\03静态和非静态的区别.csproj", "{97A54F8B-7714-428C-A1BB-7ADAFECB2ED7}"
EndProject
Global
	GlobalSection(SolutionConfigurationPlatforms) = preSolution
		Debug|Any CPU = Debug|Any CPU
		Release|Any CPU = Release|Any CPU
	EndGlobalSection
	GlobalSection(ProjectConfigurationPlatforms) = postSolution
		{14733482-4659-4C25-AA48-094982BD7B8E}.Debug|Any CPU.ActiveCfg = Debug|Any CPU
		{14733482-4659-4C25-AA48-094982BD7B8E}.Debug|Any CPU.Build.0 = Debug|Any CPU
		{14733482-4659-4C25-AA48-094982BD7B8E}.Release|Any CPU.ActiveCfg = Release|Any CPU
		{14733482-4659-4C25-AA48-094982BD7B8E}.Release|Any CPU.Build.0 = Release|Any CPU
		{36C7FDFB-DE98-47FF-9AEE-3EF471809C5A}.Debug|Any CPU.ActiveCfg = Debug|Any CPU
		{36C7FDFB-DE98-47FF-9AEE-3EF471809C5A}.Debug|Any CPU.Build.0 = Debug|Any CPU
		{36C7FDFB-DE98-47FF-9AEE-3EF471809C5A}.Release|Any CPU.ActiveCfg = Release|Any CPU
		{36C7FDFB-DE98-47FF-9AEE-3EF471809C5A}.Release|Any CPU.Build.0 = Release|Any CPU
		{97A54F8B-7714-428C-A1BB-7ADAFECB2ED7}.Debug|Any CPU.ActiveCfg = Debug|Any CPU
		{97A54F8B-7714-428C-A1BB-7ADAFECB2ED7}.Debug|Any CPU.Build.0 = Debug|Any CPU
		{97A54F8B-7714-428C-A1BB-7ADAFECB2ED7}.Release|Any CPU.ActiveCfg = Release|Any CPU
		{97A54F8B-7714-428C-A1BB-7ADAFECB2ED7}.Release|Any CPU.Build.0 = Release|Any CPU
	EndGlobalSection
	GlobalSection(SolutionProperties) = preSolution
		HideSolutionNode = FALSE
	EndGlobalSection
	GlobalSection(ExtensibilityGlobals) = postSolution
		SolutionGuid = {76455895-73E9-46D9-9349-30B35763DA70}
	EndGlobalSection
EndGlobal
